
Microsoft Visual Studio Solution File, Format Version 12.00
# Visual Studio Version 17
VisualStudioVersion = 17.7.34009.444
MinimumVisualStudioVersion = 10.0.40219.1
Project("{FAE04EC0-301F-11D3-BF4B-00C04F79EFBC}") = "Ex3Triangulo", "Ex3Triangulo.csproj", "{AD3146F1-2245-4C4E-9F04-0DB4A446214C}"
EndProject
Global
	GlobalSection(SolutionConfigurationPlatforms) = preSolution
		Debug|Any CPU = Debug|Any CPU
		Release|Any CPU = Release|Any CPU
	EndGlobalSection
	GlobalSection(ProjectConfigurationPlatforms) = postSolution
		{AD3146F1-2245-4C4E-9F04-0DB4A446214C}.Debug|Any CPU.ActiveCfg = Debug|Any CPU
		{AD3146F1-2245-4C4E-9F04-0DB4A446214C}.Debug|Any CPU.Build.0 = Debug|Any CPU
		{AD3146F1-2245-4C4E-9F04-0DB4A446214C}.Release|Any CPU.ActiveCfg = Release|Any CPU
		{AD3146F1-2245-4C4E-9F04-0DB4A446214C}.Release|Any CPU.Build.0 = Release|Any CPU
	EndGlobalSection
	GlobalSection(SolutionProperties) = preSolution
		HideSolutionNode = FALSE
	EndGlobalSection
	GlobalSection(ExtensibilityGlobals) = postSolution
		SolutionGuid = {B43204EE-E368-4FF8-8C5C-DA2AB366D98B}
	EndGlobalSection
EndGlobal
