
Microsoft Visual Studio Solution File, Format Version 12.00
# Visual Studio Version 17
VisualStudioVersion = 17.7.34009.444
MinimumVisualStudioVersion = 10.0.40219.1
Project("{FAE04EC0-301F-11D3-BF4B-00C04F79EFBC}") = "Ex9Carro", "Ex9Carro.csproj", "{8BBBB54C-3D51-448B-ACE3-571589D2B4A1}"
EndProject
Global
	GlobalSection(SolutionConfigurationPlatforms) = preSolution
		Debug|Any CPU = Debug|Any CPU
		Release|Any CPU = Release|Any CPU
	EndGlobalSection
	GlobalSection(ProjectConfigurationPlatforms) = postSolution
		{8BBBB54C-3D51-448B-ACE3-571589D2B4A1}.Debug|Any CPU.ActiveCfg = Debug|Any CPU
		{8BBBB54C-3D51-448B-ACE3-571589D2B4A1}.Debug|Any CPU.Build.0 = Debug|Any CPU
		{8BBBB54C-3D51-448B-ACE3-571589D2B4A1}.Release|Any CPU.ActiveCfg = Release|Any CPU
		{8BBBB54C-3D51-448B-ACE3-571589D2B4A1}.Release|Any CPU.Build.0 = Release|Any CPU
	EndGlobalSection
	GlobalSection(SolutionProperties) = preSolution
		HideSolutionNode = FALSE
	EndGlobalSection
	GlobalSection(ExtensibilityGlobals) = postSolution
		SolutionGuid = {F754AF2B-8E87-4F4C-9682-37C2C68522BB}
	EndGlobalSection
EndGlobal
